Microsoft Visual Studio Solution File, Format Version 11.00
# Visual Studio 2008

Project("{224B28E1-BA60-33AF-6951-D7188377D687}") = "GreenGoblinProject", "Assembly-CSharp.csproj", "{D190BB61-4FCD-4C6F-A3A1-ACCF7D549196}"
EndProject
Global
	GlobalSection(SolutionConfigurationPlatforms) = preSolution
		Debug|Any CPU = Debug|Any CPU
		Release|Any CPU = Release|Any CPU
	EndGlobalSection
	GlobalSection(ProjectConfigurationPlatforms) = postSolution
		{D190BB61-4FCD-4C6F-A3A1-ACCF7D549196}.Debug|Any CPU.ActiveCfg = Debug|Any CPU
		{D190BB61-4FCD-4C6F-A3A1-ACCF7D549196}.Debug|Any CPU.Build.0 = Debug|Any CPU
		{D190BB61-4FCD-4C6F-A3A1-ACCF7D549196}.Release|Any CPU.ActiveCfg = Release|Any CPU
		{D190BB61-4FCD-4C6F-A3A1-ACCF7D549196}.Release|Any CPU.Build.0 = Release|Any CPU
	EndGlobalSection
	GlobalSection(SolutionProperties) = preSolution
		HideSolutionNode = FALSE
	EndGlobalSection
	GlobalSection(MonoDevelopProperties) = preSolution
		StartupItem = Assembly-CSharp.csproj
	EndGlobalSection
EndGlobal
